Microsoft Visual Studio Solution File, Format Version 12.00
# Visual Studio Version 17
VisualStudioVersion = 17.5.2.0
MinimumVisualStudioVersion = 10.0.40219.1
Project("{FAE04EC0-301F-11D3-BF4B-00C04F79EFBC}") = "UmbAndReact", "UmbAndReact.csproj", "{106A35CF-71EC-3D6D-1359-E69A97B943DC}"
EndProject
Global
	GlobalSection(SolutionConfigurationPlatforms) = preSolution
		Debug|Any CPU = Debug|Any CPU
		Release|Any CPU = Release|Any CPU
	EndGlobalSection
	GlobalSection(ProjectConfigurationPlatforms) = postSolution
		{106A35CF-71EC-3D6D-1359-E69A97B943DC}.Debug|Any CPU.ActiveCfg = Debug|Any CPU
		{106A35CF-71EC-3D6D-1359-E69A97B943DC}.Debug|Any CPU.Build.0 = Debug|Any CPU
		{106A35CF-71EC-3D6D-1359-E69A97B943DC}.Release|Any CPU.ActiveCfg = Release|Any CPU
		{106A35CF-71EC-3D6D-1359-E69A97B943DC}.Release|Any CPU.Build.0 = Release|Any CPU
	EndGlobalSection
	GlobalSection(SolutionProperties) = preSolution
		HideSolutionNode = FALSE
	EndGlobalSection
	GlobalSection(ExtensibilityGlobals) = postSolution
		SolutionGuid = {60F5130A-B530-4874-8A9B-4430FA011BBF}
	EndGlobalSection
EndGlobal
